// !$*UTF8*$!
{
	archiveVersion = 1;
	classes = {
	};
	objectVersion = 46;
	objects = {

/* Begin PBXBuildFile section */
		5F6636B818B0ADFB00F54090 /* SFViewXIB.xib in Resources */ = {isa = PBXBuildFile; fileRef = 5F6636B718B0ADFB00F54090 /* SFViewXIB.xib */; };
		5F6636BB18B0AE3F00F54090 /* SFViewXIB.m in Sources */ = {isa = PBXBuildFile; fileRef = 5F6636BA18B0AE3F00F54090 /* SFViewXIB.m */; };
		5FF87D4B18914D5E00A57B15 /* Foundation.framework in Frameworks */ = {isa = PBXBuildFile; fileRef = 5FF87D4A18914D5E00A57B15 /* Foundation.framework */; };
		5FF87D4D18914D5E00A57B15 /* CoreGraphics.framework in Frameworks */ = {isa = PBXBuildFile; fileRef = 5FF87D4C18914D5E00A57B15 /* CoreGraphics.framework */; };
		5FF87D4F18914D5E00A57B15 /* UIKit.framework in Frameworks */ = {isa = PBXBuildFile; fileRef = 5FF87D4E18914D5E00A57B15 /* UIKit.framework */; };
		5FF87D5518914D5E00A57B15 /* InfoPlist.strings in Resources */ = {isa = PBXBuildFile; fileRef = 5FF87D5318914D5E00A57B15 /* InfoPlist.strings */; };
		5FF87D5718914D5E00A57B15 /* main.m in Sources */ = {isa = PBXBuildFile; fileRef = 5FF87D5618914D5E00A57B15 /* main.m */; };
		5FF87D5B18914D5E00A57B15 /* SFAppDelegate.m in Sources */ = {isa = PBXBuildFile; fileRef = 5FF87D5A18914D5E00A57B15 /* SFAppDelegate.m */; };
		5FF87D5E18914D5E00A57B15 /* Main.storyboard in Resources */ = {isa = PBXBuildFile; fileRef = 5FF87D5C18914D5E00A57B15 /* Main.storyboard */; };
		5FF87D6318914D5E00A57B15 /* Images.xcassets in Resources */ = {isa = PBXBuildFile; fileRef = 5FF87D6218914D5E00A57B15 /* Images.xcassets */; };
		5FF87D6A18914D5E00A57B15 /* XCTest.framework in Frameworks */ = {isa = PBXBuildFile; fileRef = 5FF87D6918914D5E00A57B15 /* XCTest.framework */; };
		5FF87D6B18914D5E00A57B15 /* Foundation.framework in Frameworks */ = {isa = PBXBuildFile; fileRef = 5FF87D4A18914D5E00A57B15 /* Foundation.framework */; };
		5FF87D6C18914D5E00A57B15 /* UIKit.framework in Frameworks */ = {isa = PBXBuildFile; fileRef = 5FF87D4E18914D5E00A57B15 /* UIKit.framework */; };
		5FF87D7418914D5E00A57B15 /* InfoPlist.strings in Resources */ = {isa = PBXBuildFile; fileRef = 5FF87D7218914D5E00A57B15 /* InfoPlist.strings */; };
		5FF87D7618914D5E00A57B15 /* TestSFGaugeViewTests.m in Sources */ = {isa = PBXBuildFile; fileRef = 5FF87D7518914D5E00A57B15 /* TestSFGaugeViewTests.m */; };
		5FFDE76C18914E900079917F /* SFViewController.m in Sources */ = {isa = PBXBuildFile; fileRef = 5FFDE76B18914E900079917F /* SFViewController.m */; };
		65F4552BC7B87D5352200349 /* libPods-TestSFGaugeView.a in Frameworks */ = {isa = PBXBuildFile; fileRef = 7CBE6580275D81EA660A2C37 /* libPods-TestSFGaugeView.a */; };
/* End PBXBuildFile section */

/* Begin PBXContainerItemProxy section */
		5FF87D6D18914D5E00A57B15 /* PBXContainerItemProxy */ = {
			isa = PBXContainerItemProxy;
			containerPortal = 5FF87D3F18914D5E00A57B15 /* Project object */;
			proxyType = 1;
			remoteGlobalIDString = 5FF87D4618914D5E00A57B15;
			remoteInfo = TestSFGaugeView;
		};
/* End PBXContainerItemProxy section */

/* Begin PBXFileReference section */
		2CE9B6C862498506CA9A8FA1 /* Pods-TestSFGaugeView.release.xcconfig */ = {isa = PBXFileReference; includeInIndex = 1; lastKnownFileType = text.xcconfig; name = "Pods-TestSFGaugeView.release.xcconfig"; path = "Pods/Target Support Files/Pods-TestSFGaugeView/Pods-TestSFGaugeView.release.xcconfig"; sourceTree = "<group>"; };
		5F6636B718B0ADFB00F54090 /* SFViewXIB.xib */ = {isa = PBXFileReference; fileEncoding = 4; lastKnownFileType = file.xib; path = SFViewXIB.xib; sourceTree = "<group>"; };
		5F6636B918B0AE3F00F54090 /* SFViewXIB.h */ = {isa = PBXFileReference; fileEncoding = 4; lastKnownFileType = sourcecode.c.h; path = SFViewXIB.h; sourceTree = "<group>"; };
		5F6636BA18B0AE3F00F54090 /* SFViewXIB.m */ = {isa = PBXFileReference; fileEncoding = 4; lastKnownFileType = sourcecode.c.objc; path = SFViewXIB.m; sourceTree = "<group>"; };
		5FF87D4718914D5E00A57B15 /* TestSFGaugeView.app */ = {isa = PBXFileReference; explicitFileType = wrapper.application; includeInIndex = 0; path = TestSFGaugeView.app; sourceTree = BUILT_PRODUCTS_DIR; };
		5FF87D4A18914D5E00A57B15 /* Foundation.framework */ = {isa = PBXFileReference; lastKnownFileType = wrapper.framework; name = Foundation.framework; path = System/Library/Frameworks/Foundation.framework; sourceTree = SDKROOT; };
		5FF87D4C18914D5E00A57B15 /* CoreGraphics.framework */ = {isa = PBXFileReference; lastKnownFileType = wrapper.framework; name = CoreGraphics.framework; path = Library/Frameworks/CoreGraphics.framework; sourceTree = DEVELOPER_DIR; };
		5FF87D4E18914D5E00A57B15 /* UIKit.framework */ = {isa = PBXFileReference; lastKnownFileType = wrapper.framework; name = UIKit.framework; path = Library/Frameworks/UIKit.framework; sourceTree = DEVELOPER_DIR; };
		5FF87D5218914D5E00A57B15 /* TestSFGaugeView-Info.plist */ = {isa = PBXFileReference; lastKnownFileType = text.plist.xml; path = "TestSFGaugeView-Info.plist"; sourceTree = "<group>"; };
		5FF87D5418914D5E00A57B15 /* en */ = {isa = PBXFileReference; lastKnownFileType = text.plist.strings; name = en; path = en.lproj/InfoPlist.strings; sourceTree = "<group>"; };
		5FF87D5618914D5E00A57B15 /* main.m */ = {isa = PBXFileReference; lastKnownFileType = sourcecode.c.objc; path = main.m; sourceTree = "<group>"; };
		5FF87D5818914D5E00A57B15 /* TestSFGaugeView-Prefix.pch */ = {isa = PBXFileReference; lastKnownFileType = sourcecode.c.h; path = "TestSFGaugeView-Prefix.pch"; sourceTree = "<group>"; };
		5FF87D5918914D5E00A57B15 /* SFAppDelegate.h */ = {isa = PBXFileReference; lastKnownFileType = sourcecode.c.h; path = SFAppDelegate.h; sourceTree = "<group>"; };
		5FF87D5A18914D5E00A57B15 /* SFAppDelegate.m */ = {isa = PBXFileReference; lastKnownFileType = sourcecode.c.objc; path = SFAppDelegate.m; sourceTree = "<group>"; };
		5FF87D5D18914D5E00A57B15 /* Base */ = {isa = PBXFileReference; lastKnownFileType = file.storyboard; name = Base; path = Base.lproj/Main.storyboard; sourceTree = "<group>"; };
		5FF87D6218914D5E00A57B15 /* Images.xcassets */ = {isa = PBXFileReference; lastKnownFileType = folder.assetcatalog; path = Images.xcassets; sourceTree = "<group>"; };
		5FF87D6818914D5E00A57B15 /* TestSFGaugeViewTests.xctest */ = {isa = PBXFileReference; explicitFileType = wrapper.cfbundle; includeInIndex = 0; path = TestSFGaugeViewTests.xctest; sourceTree = BUILT_PRODUCTS_DIR; };
		5FF87D6918914D5E00A57B15 /* XCTest.framework */ = {isa = PBXFileReference; lastKnownFileType = wrapper.framework; name = XCTest.framework; path = Library/Frameworks/XCTest.framework; sourceTree = DEVELOPER_DIR; };
		5FF87D7118914D5E00A57B15 /* TestSFGaugeViewTests-Info.plist */ = {isa = PBXFileReference; lastKnownFileType = text.plist.xml; path = "TestSFGaugeViewTests-Info.plist"; sourceTree = "<group>"; };
		5FF87D7318914D5E00A57B15 /* en */ = {isa = PBXFileReference; lastKnownFileType = text.plist.strings; name = en; path = en.lproj/InfoPlist.strings; sourceTree = "<group>"; };
		5FF87D7518914D5E00A57B15 /* TestSFGaugeViewTests.m */ = {isa = PBXFileReference; lastKnownFileType = sourcecode.c.objc; path = TestSFGaugeViewTests.m; sourceTree = "<group>"; };
		5FFDE76A18914E900079917F /* SFViewController.h */ = {isa = PBXFileReference; fileEncoding = 4; lastKnownFileType = sourcecode.c.h; path = SFViewController.h; sourceTree = "<group>"; };
		5FFDE76B18914E900079917F /* SFViewController.m */ = {isa = PBXFileReference; fileEncoding = 4; lastKnownFileType = sourcecode.c.objc; path = SFViewController.m; sourceTree = "<group>"; };
		7CBE6580275D81EA660A2C37 /* libPods-TestSFGaugeView.a */ = {isa = PBXFileReference; explicitFileType = archive.ar; includeInIndex = 0; path = "libPods-TestSFGaugeView.a"; sourceTree = BUILT_PRODUCTS_DIR; };
		C2479A5A6D47741CA6FD3478 /* Pods-TestSFGaugeView.debug.xcconfig */ = {isa = PBXFileReference; includeInIndex = 1; lastKnownFileType = text.xcconfig; name = "Pods-TestSFGaugeView.debug.xcconfig"; path = "Pods/Target Support Files/Pods-TestSFGaugeView/Pods-TestSFGaugeView.debug.xcconfig"; sourceTree = "<group>"; };
/* End PBXFileReference section */

/* Begin PBXFrameworksBuildPhase section */
		5FF87D4418914D5E00A57B15 /* Frameworks */ = {
			isa = PBXFrameworksBuildPhase;
			buildActionMask = 2147483647;
			files = (
				5FF87D4D18914D5E00A57B15 /* CoreGraphics.framework in Frameworks */,
				5FF87D4F18914D5E00A57B15 /* UIKit.framework in Frameworks */,
				5FF87D4B18914D5E00A57B15 /* Foundation.framework in Frameworks */,
				65F4552BC7B87D5352200349 /* libPods-TestSFGaugeView.a in Frameworks */,
			);
			runOnlyForDeploymentPostprocessing = 0;
		};
		5FF87D6518914D5E00A57B15 /* Frameworks */ = {
			isa = PBXFrameworksBuildPhase;
			buildActionMask = 2147483647;
			files = (
				5FF87D6A18914D5E00A57B15 /* XCTest.framework in Frameworks */,
				5FF87D6C18914D5E00A57B15 /* UIKit.framework in Frameworks */,
				5FF87D6B18914D5E00A57B15 /* Foundation.framework in Frameworks */,
			);
			runOnlyForDeploymentPostprocessing = 0;
		};
/* End PBXFrameworksBuildPhase section */

/* Begin PBXGroup section */
		5FF87D3E18914D5E00A57B15 = {
			isa = PBXGroup;
			children = (
				5FF87D5018914D5E00A57B15 /* TestSFGaugeView */,
				5FF87D6F18914D5E00A57B15 /* TestSFGaugeViewTests */,
				5FF87D4918914D5E00A57B15 /* Frameworks */,
				5FF87D4818914D5E00A57B15 /* Products */,
				E51B6091D7032BDDE270106F /* Pods */,
			);
			sourceTree = "<group>";
		};
		5FF87D4818914D5E00A57B15 /* Products */ = {
			isa = PBXGroup;
			children = (
				5FF87D4718914D5E00A57B15 /* TestSFGaugeView.app */,
				5FF87D6818914D5E00A57B15 /* TestSFGaugeViewTests.xctest */,
			);
			name = Products;
			sourceTree = "<group>";
		};
		5FF87D4918914D5E00A57B15 /* Frameworks */ = {
			isa = PBXGroup;
			children = (
				5FF87D4A18914D5E00A57B15 /* Foundation.framework */,
				5FF87D4C18914D5E00A57B15 /* CoreGraphics.framework */,
				5FF87D4E18914D5E00A57B15 /* UIKit.framework */,
				5FF87D6918914D5E00A57B15 /* XCTest.framework */,
				7CBE6580275D81EA660A2C37 /* libPods-TestSFGaugeView.a */,
			);
			name = Frameworks;
			sourceTree = "<group>";
		};
		5FF87D5018914D5E00A57B15 /* TestSFGaugeView */ = {
			isa = PBXGroup;
			children = (
				5FFDE76A18914E900079917F /* SFViewController.h */,
				5FFDE76B18914E900079917F /* SFViewController.m */,
				5FF87D5918914D5E00A57B15 /* SFAppDelegate.h */,
				5FF87D5A18914D5E00A57B15 /* SFAppDelegate.m */,
				5FF87D5C18914D5E00A57B15 /* Main.storyboard */,
				5FF87D6218914D5E00A57B15 /* Images.xcassets */,
				5FF87D5118914D5E00A57B15 /* Supporting Files */,
				5F6636B718B0ADFB00F54090 /* SFViewXIB.xib */,
				5F6636B918B0AE3F00F54090 /* SFViewXIB.h */,
				5F6636BA18B0AE3F00F54090 /* SFViewXIB.m */,
			);
			path = TestSFGaugeView;
			sourceTree = "<group>";
		};
		5FF87D5118914D5E00A57B15 /* Supporting Files */ = {
			isa = PBXGroup;
			children = (
				5FF87D5218914D5E00A57B15 /* TestSFGaugeView-Info.plist */,
				5FF87D5318914D5E00A57B15 /* InfoPlist.strings */,
				5FF87D5618914D5E00A57B15 /* main.m */,
				5FF87D5818914D5E00A57B15 /* TestSFGaugeView-Prefix.pch */,
			);
			name = "Supporting Files";
			sourceTree = "<group>";
		};
		5FF87D6F18914D5E00A57B15 /* TestSFGaugeViewTests */ = {
			isa = PBXGroup;
			children = (
				5FF87D7518914D5E00A57B15 /* TestSFGaugeViewTests.m */,
				5FF87D7018914D5E00A57B15 /* Supporting Files */,
			);
			path = TestSFGaugeViewTests;
			sourceTree = "<group>";
		};
		5FF87D7018914D5E00A57B15 /* Supporting Files */ = {
			isa = PBXGroup;
			children = (
				5FF87D7118914D5E00A57B15 /* TestSFGaugeViewTests-Info.plist */,
				5FF87D7218914D5E00A57B15 /* InfoPlist.strings */,
			);
			name = "Supporting Files";
			sourceTree = "<group>";
		};
		E51B6091D7032BDDE270106F /* Pods */ = {
			isa = PBXGroup;
			children = (
				C2479A5A6D47741CA6FD3478 /* Pods-TestSFGaugeView.debug.xcconfig */,
				2CE9B6C862498506CA9A8FA1 /* Pods-TestSFGaugeView.release.xcconfig */,
			);
			name = Pods;
			sourceTree = "<group>";
		};
/* End PBXGroup section */

/* Begin PBXNativeTarget section */
		5FF87D4618914D5E00A57B15 /* TestSFGaugeView */ = {
			isa = PBXNativeTarget;
			buildConfigurationList = 5FF87D7918914D5E00A57B15 /* Build configuration list for PBXNativeTarget "TestSFGaugeView" */;
			buildPhases = (
				33998A4634E6B859D36A9B5D /* [CP] Check Pods Manifest.lock */,
				5FF87D4318914D5E00A57B15 /* Sources */,
				5FF87D4418914D5E00A57B15 /* Frameworks */,
				5FF87D4518914D5E00A57B15 /* Resources */,
				BC08CA64E6A5D3981C2EE720 /* [CP] Embed Pods Frameworks */,
				CA8877799049C46D8FD9EA9B /* [CP] Copy Pods Resources */,
			);
			buildRules = (
			);
			dependencies = (
			);
			name = TestSFGaugeView;
			productName = TestSFGaugeView;
			productReference = 5FF87D4718914D5E00A57B15 /* TestSFGaugeView.app */;
			productType = "com.apple.product-type.application";
		};
		5FF87D6718914D5E00A57B15 /* TestSFGaugeViewTests */ = {
			isa = PBXNativeTarget;
			buildConfigurationList = 5FF87D7C18914D5E00A57B15 /* Build configuration list for PBXNativeTarget "TestSFGaugeViewTests" */;
			buildPhases = (
				5FF87D6418914D5E00A57B15 /* Sources */,
				5FF87D6518914D5E00A57B15 /* Frameworks */,
				5FF87D6618914D5E00A57B15 /* Resources */,
			);
			buildRules = (
			);
			dependencies = (
				5FF87D6E18914D5E00A57B15 /* PBXTargetDependency */,
			);
			name = TestSFGaugeViewTests;
			productName = TestSFGaugeViewTests;
			productReference = 5FF87D6818914D5E00A57B15 /* TestSFGaugeViewTests.xctest */;
			productType = "com.apple.product-type.bundle.unit-test";
		};
/* End PBXNativeTarget section */

/* Begin PBXProject section */
		5FF87D3F18914D5E00A57B15 /* Project object */ = {
			isa = PBXProject;
			attributes = {
				CLASSPREFIX = SF;
				LastUpgradeCheck = 0510;
				ORGANIZATIONNAME = Simpliflow;
				TargetAttributes = {
					5FF87D6718914D5E00A57B15 = {
						TestTargetID = 5FF87D4618914D5E00A57B15;
					};
				};
			};
			buildConfigurationList = 5FF87D4218914D5E00A57B15 /* Build configuration list for PBXProject "TestSFGaugeView" */;
			compatibilityVersion = "Xcode 3.2";
			developmentRegion = English;
			hasScannedForEncodings = 0;
			knownRegions = (
				en,
				Base,
			);
			mainGroup = 5FF87D3E18914D5E00A57B15;
			productRefGroup = 5FF87D4818914D5E00A57B15 /* Products */;
			projectDirPath = "";
			projectRoot = "";
			targets = (
				5FF87D4618914D5E00A57B15 /* TestSFGaugeView */,
				5FF87D6718914D5E00A57B15 /* TestSFGaugeViewTests */,
			);
		};
/* End PBXProject section */

/* Begin PBXResourcesBuildPhase section */
		5FF87D4518914D5E00A57B15 /* Resources */ = {
			isa = PBXResourcesBuildPhase;
			buildActionMask = 2147483647;
			files = (
				5FF87D6318914D5E00A57B15 /* Images.xcassets in Resources */,
				5F6636B818B0ADFB00F54090 /* SFViewXIB.xib in Resources */,
				5FF87D5518914D5E00A57B15 /* InfoPlist.strings in Resources */,
				5FF87D5E18914D5E00A57B15 /* Main.storyboard in Resources */,
			);
			runOnlyForDeploymentPostprocessing = 0;
		};
		5FF87D6618914D5E00A57B15 /* Resources */ = {
			isa = PBXResourcesBuildPhase;
			buildActionMask = 2147483647;
			files = (
				5FF87D7418914D5E00A57B15 /* InfoPlist.strings in Resources */,
			);
			runOnlyForDeploymentPostprocessing = 0;
		};
/* End PBXResourcesBuildPhase section */

/* Begin PBXShellScriptBuildPhase section */
		33998A4634E6B859D36A9B5D /* [CP] Check Pods Manifest.lock */ = {
			isa = PBXShellScriptBuildPhase;
			buildActionMask = 2147483647;
			files = (
			);
			inputPaths = (
			);
			name = "[CP] Check Pods Manifest.lock";
			outputPaths = (
			);
			runOnlyForDeploymentPostprocessing = 0;
			shellPath = /bin/sh;
			shellScript = "diff \"${PODS_ROOT}/../Podfile.lock\" \"${PODS_ROOT}/Manifest.lock\" > /dev/null\nif [ $? != 0 ] ; then\n    # print error to STDERR\n    echo \"error: The sandbox is not in sync with the Podfile.lock. Run 'pod install' or update your CocoaPods installation.\" >&2\n    exit 1\nfi\n";
			showEnvVarsInLog = 0;
		};
		BC08CA64E6A5D3981C2EE720 /* [CP] Embed Pods Frameworks */ = {
			isa = PBXShellScriptBuildPhase;
			buildActionMask = 2147483647;
			files = (
			);
			inputPaths = (
			);
			name = "[CP] Embed Pods Frameworks";
			outputPaths = (
			);
			runOnlyForDeploymentPostprocessing = 0;
			shellPath = /bin/sh;
			shellScript = "\"${SRCROOT}/Pods/Target Support Files/Pods-TestSFGaugeView/Pods-TestSFGaugeView-frameworks.sh\"\n";
			showEnvVarsInLog = 0;
		};
		CA8877799049C46D8FD9EA9B /* [CP] Copy Pods Resources */ = {
			isa = PBXShellScriptBuildPhase;
			buildActionMask = 2147483647;
			files = (
			);
			inputPaths = (
			);
			name = "[CP] Copy Pods Resources";
			outputPaths = (
			);
			runOnlyForDeploymentPostprocessing = 0;
			shellPath = /bin/sh;
			shellScript = "\"${SRCROOT}/Pods/Target Support Files/Pods-TestSFGaugeView/Pods-TestSFGaugeView-resources.sh\"\n";
			showEnvVarsInLog = 0;
		};
/* End PBXShellScriptBuildPhase section */

/* Begin PBXSourcesBuildPhase section */
		5FF87D4318914D5E00A57B15 /* Sources */ = {
			isa = PBXSourcesBuildPhase;
			buildActionMask = 2147483647;
			files = (
				5FFDE76C18914E900079917F /* SFViewController.m in Sources */,
				5F6636BB18B0AE3F00F54090 /* SFViewXIB.m in Sources */,
				5FF87D5718914D5E00A57B15 /* main.m in Sources */,
				5FF87D5B18914D5E00A57B15 /* SFAppDelegate.m in Sources */,
			);
			runOnlyForDeploymentPostprocessing = 0;
		};
		5FF87D6418914D5E00A57B15 /* Sources */ = {
			isa = PBXSourcesBuildPhase;
			buildActionMask = 2147483647;
			files = (
				5FF87D7618914D5E00A57B15 /* TestSFGaugeViewTests.m in Sources */,
			);
			runOnlyForDeploymentPostprocessing = 0;
		};
/* End PBXSourcesBuildPhase section */

/* Begin PBXTargetDependency section */
		5FF87D6E18914D5E00A57B15 /* PBXTargetDependency */ = {
			isa = PBXTargetDependency;
			target = 5FF87D4618914D5E00A57B15 /* TestSFGaugeView */;
			targetProxy = 5FF87D6D18914D5E00A57B15 /* PBXContainerItemProxy */;
		};
/* End PBXTargetDependency section */

/* Begin PBXVariantGroup section */
		5FF87D5318914D5E00A57B15 /* InfoPlist.strings */ = {
			isa = PBXVariantGroup;
			children = (
				5FF87D5418914D5E00A57B15 /* en */,
			);
			name = InfoPlist.strings;
			sourceTree = "<group>";
		};
		5FF87D5C18914D5E00A57B15 /* Main.storyboard */ = {
			isa = PBXVariantGroup;
			children = (
				5FF87D5D18914D5E00A57B15 /* Base */,
			);
			name = Main.storyboard;
			sourceTree = "<group>";
		};
		5FF87D7218914D5E00A57B15 /* InfoPlist.strings */ = {
			isa = PBXVariantGroup;
			children = (
				5FF87D7318914D5E00A57B15 /* en */,
			);
			name = InfoPlist.strings;
			sourceTree = "<group>";
		};
/* End PBXVariantGroup section */

/* Begin XCBuildConfiguration section */
		5FF87D7718914D5E00A57B15 /* Debug */ = {
			isa = XCBuildConfiguration;
			buildSettings = {
				ALWAYS_SEARCH_USER_PATHS = NO;
				ARCHS = "$(ARCHS_STANDARD_INCLUDING_64_BIT)";
				CLANG_CXX_LANGUAGE_STANDARD = "gnu++0x";
				CLANG_CXX_LIBRARY = "libc++";
				CLANG_ENABLE_MODULES = YES;
				CLANG_ENABLE_OBJC_ARC = YES;
				CLANG_WARN_BOOL_CONVERSION = YES;
				CLANG_WARN_CONSTANT_CONVERSION = YES;
				CLANG_WARN_DIRECT_OBJC_ISA_USAGE = YES_ERROR;
				CLANG_WARN_EMPTY_BODY = YES;
				CLANG_WARN_ENUM_CONVERSION = YES;
				CLANG_WARN_INT_CONVERSION = YES;
				CLANG_WARN_OBJC_ROOT_CLASS = YES_ERROR;
				CLANG_WARN__DUPLICATE_METHOD_MATCH = YES;
				"CODE_SIGN_IDENTITY[sdk=iphoneos*]" = "iPhone Developer";
				COPY_PHASE_STRIP = NO;
				GCC_C_LANGUAGE_STANDARD = gnu99;
				GCC_DYNAMIC_NO_PIC = NO;
				GCC_OPTIMIZATION_LEVEL = 0;
				GCC_PREPROCESSOR_DEFINITIONS = (
					"DEBUG=1",
					"$(inherited)",
				);
				GCC_SYMBOLS_PRIVATE_EXTERN = NO;
				GCC_WARN_64_TO_32_BIT_CONVERSION = YES;
				GCC_WARN_ABOUT_RETURN_TYPE = YES_ERROR;
				GCC_WARN_UNDECLARED_SELECTOR = YES;
				GCC_WARN_UNINITIALIZED_AUTOS = YES_AGGRESSIVE;
				GCC_WARN_UNUSED_FUNCTION = YES;
				GCC_WARN_UNUSED_VARIABLE = YES;
				IPHONEOS_DEPLOYMENT_TARGET = 7.0;
				ONLY_ACTIVE_ARCH = YES;
				SDKROOT = iphoneos;
			};
			name = Debug;
		};
		5FF87D7818914D5E00A57B15 /* Release */ = {
			isa = XCBuildConfiguration;
			buildSettings = {
				ALWAYS_SEARCH_USER_PATHS = NO;
				ARCHS = "$(ARCHS_STANDARD_INCLUDING_64_BIT)";
				CLANG_CXX_LANGUAGE_STANDARD = "gnu++0x";
				CLANG_CXX_LIBRARY = "libc++";
				CLANG_ENABLE_MODULES = YES;
				CLANG_ENABLE_OBJC_ARC = YES;
				CLANG_WARN_BOOL_CONVERSION = YES;
				CLANG_WARN_CONSTANT_CONVERSION = YES;
				CLANG_WARN_DIRECT_OBJC_ISA_USAGE = YES_ERROR;
				CLANG_WARN_EMPTY_BODY = YES;
				CLANG_WARN_ENUM_CONVERSION = YES;
				CLANG_WARN_INT_CONVERSION = YES;
				CLANG_WARN_OBJC_ROOT_CLASS = YES_ERROR;
				CLANG_WARN__DUPLICATE_METHOD_MATCH = YES;
				"CODE_SIGN_IDENTITY[sdk=iphoneos*]" = "iPhone Developer";
				COPY_PHASE_STRIP = YES;
				ENABLE_NS_ASSERTIONS = NO;
				GCC_C_LANGUAGE_STANDARD = gnu99;
				GCC_WARN_64_TO_32_BIT_CONVERSION = YES;
				GCC_WARN_ABOUT_RETURN_TYPE = YES_ERROR;
				GCC_WARN_UNDECLARED_SELECTOR = YES;
				GCC_WARN_UNINITIALIZED_AUTOS = YES_AGGRESSIVE;
				GCC_WARN_UNUSED_FUNCTION = YES;
				GCC_WARN_UNUSED_VARIABLE = YES;
				IPHONEOS_DEPLOYMENT_TARGET = 7.0;
				SDKROOT = iphoneos;
				VALIDATE_PRODUCT = YES;
			};
			name = Release;
		};
		5FF87D7A18914D5E00A57B15 /* Debug */ = {
			isa = XCBuildConfiguration;
			baseConfigurationReference = C2479A5A6D47741CA6FD3478 /* Pods-TestSFGaugeView.debug.xcconfig */;
			buildSettings = {
				ASSETCATALOG_COMPILER_APPICON_NAME = AppIcon;
				ASSETCATALOG_COMPILER_LAUNCHIMAGE_NAME = LaunchImage;
				FRAMEWORK_SEARCH_PATHS = (
					"$(inherited)",
					"$(DEVELOPER_FRAMEWORKS_DIR)",
				);
				GCC_PRECOMPILE_PREFIX_HEADER = YES;
				GCC_PREFIX_HEADER = "TestSFGaugeView/TestSFGaugeView-Prefix.pch";
				INFOPLIST_FILE = "TestSFGaugeView/TestSFGaugeView-Info.plist";
				IPHONEOS_DEPLOYMENT_TARGET = 7.0;
				PRODUCT_NAME = "$(TARGET_NAME)";
				WRAPPER_EXTENSION = app;
			};
			name = Debug;
		};
		5FF87D7B18914D5E00A57B15 /* Release */ = {
			isa = XCBuildConfiguration;
			baseConfigurationReference = 2CE9B6C862498506CA9A8FA1 /* Pods-TestSFGaugeView.release.xcconfig */;
			buildSettings = {
				ASSETCATALOG_COMPILER_APPICON_NAME = AppIcon;
				ASSETCATALOG_COMPILER_LAUNCHIMAGE_NAME = LaunchImage;
				FRAMEWORK_SEARCH_PATHS = (
					"$(inherited)",
					"$(DEVELOPER_FRAMEWORKS_DIR)",
				);
				GCC_PRECOMPILE_PREFIX_HEADER = YES;
				GCC_PREFIX_HEADER = "TestSFGaugeView/TestSFGaugeView-Prefix.pch";
				INFOPLIST_FILE = "TestSFGaugeView/TestSFGaugeView-Info.plist";
				IPHONEOS_DEPLOYMENT_TARGET = 7.0;
				PRODUCT_NAME = "$(TARGET_NAME)";
				WRAPPER_EXTENSION = app;
			};
			name = Release;
		};
		5FF87D7D18914D5E00A57B15 /* Debug */ = {
			isa = XCBuildConfiguration;
			buildSettings = {
				ARCHS = "$(ARCHS_STANDARD_INCLUDING_64_BIT)";
				BUNDLE_LOADER = "$(BUILT_PRODUCTS_DIR)/TestSFGaugeView.app/TestSFGaugeView";
				FRAMEWORK_SEARCH_PATHS = (
					"$(SDKROOT)/Developer/Library/Frameworks",
					"$(inherited)",
					"$(DEVELOPER_FRAMEWORKS_DIR)",
				);
				GCC_PRECOMPILE_PREFIX_HEADER = YES;
				GCC_PREFIX_HEADER = "TestSFGaugeView/TestSFGaugeView-Prefix.pch";
				GCC_PREPROCESSOR_DEFINITIONS = (
					"DEBUG=1",
					"$(inherited)",
				);
				INFOPLIST_FILE = "TestSFGaugeViewTests/TestSFGaugeViewTests-Info.plist";
				PRODUCT_NAME = "$(TARGET_NAME)";
				TEST_HOST = "$(BUNDLE_LOADER)";
				WRAPPER_EXTENSION = xctest;
			};
			name = Debug;
		};
		5FF87D7E18914D5E00A57B15 /* Release */ = {
			isa = XCBuildConfiguration;
			buildSettings = {
				ARCHS = "$(ARCHS_STANDARD_INCLUDING_64_BIT)";
				BUNDLE_LOADER = "$(BUILT_PRODUCTS_DIR)/TestSFGaugeView.app/TestSFGaugeView";
				FRAMEWORK_SEARCH_PATHS = (
					"$(SDKROOT)/Developer/Library/Frameworks",
					"$(inherited)",
					"$(DEVELOPER_FRAMEWORKS_DIR)",
				);
				GCC_PRECOMPILE_PREFIX_HEADER = YES;
				GCC_PREFIX_HEADER = "TestSFGaugeView/TestSFGaugeView-Prefix.pch";
				INFOPLIST_FILE = "TestSFGaugeViewTests/TestSFGaugeViewTests-Info.plist";
				PRODUCT_NAME = "$(TARGET_NAME)";
				TEST_HOST = "$(BUNDLE_LOADER)";
				WRAPPER_EXTENSION = xctest;
			};
			name = Release;
		};
/* End XCBuildConfiguration section */

/* Begin XCConfigurationList section */
		5FF87D4218914D5E00A57B15 /* Build configuration list for PBXProject "TestSFGaugeView" */ = {
			isa = XCConfigurationList;
			buildConfigurations = (
				5FF87D7718914D5E00A57B15 /* Debug */,
				5FF87D7818914D5E00A57B15 /* Release */,
			);
			defaultConfigurationIsVisible = 0;
			defaultConfigurationName = Release;
		};
		5FF87D7918914D5E00A57B15 /* Build configuration list for PBXNativeTarget "TestSFGaugeView" */ = {
			isa = XCConfigurationList;
			buildConfigurations = (
				5FF87D7A18914D5E00A57B15 /* Debug */,
				5FF87D7B18914D5E00A57B15 /* Release */,
			);
			defaultConfigurationIsVisible = 0;
			defaultConfigurationName = Release;
		};
		5FF87D7C18914D5E00A57B15 /* Build configuration list for PBXNativeTarget "TestSFGaugeViewTests" */ = {
			isa = XCConfigurationList;
			buildConfigurations = (
				5FF87D7D18914D5E00A57B15 /* Debug */,
				5FF87D7E18914D5E00A57B15 /* Release */,
			);
			defaultConfigurationIsVisible = 0;
			defaultConfigurationName = Release;
		};
/* End XCConfigurationList section */
	};
	rootObject = 5FF87D3F18914D5E00A57B15 /* Project object */;
}
